
Microsoft Visual Studio Solution File, Format Version 12.00
# Visual Studio Version 17
VisualStudioVersion = 17.9.34616.47
MinimumVisualStudioVersion = 10.0.40219.1
Project("{9092AA53-FB77-4645-B42D-1CCCA6BD08BD}") = "Yamli Coherezi", "CohereZi\Yamli Coherezi.njsproj", "{74F36955-8AF5-4B2E-A383-7D34E1233A85}"
EndProject
Global
	GlobalSection(SolutionConfigurationPlatforms) = preSolution
		Debug|Any CPU = Debug|Any CPU
		Release|Any CPU = Release|Any CPU
	EndGlobalSection
	GlobalSection(ProjectConfigurationPlatforms) = postSolution
		{74F36955-8AF5-4B2E-A383-7D34E1233A85}.Debug|Any CPU.ActiveCfg = Debug|Any CPU
		{74F36955-8AF5-4B2E-A383-7D34E1233A85}.Debug|Any CPU.Build.0 = Debug|Any CPU
		{74F36955-8AF5-4B2E-A383-7D34E1233A85}.Release|Any CPU.ActiveCfg = Release|Any CPU
		{74F36955-8AF5-4B2E-A383-7D34E1233A85}.Release|Any CPU.Build.0 = Release|Any CPU
	EndGlobalSection
	GlobalSection(SolutionProperties) = preSolution
		HideSolutionNode = FALSE
	EndGlobalSection
	GlobalSection(ExtensibilityGlobals) = postSolution
		SolutionGuid = {F00DE480-130E-4733-8CFB-4F54F02E0905}
	EndGlobalSection
EndGlobal
